
Microsoft Visual Studio Solution File, Format Version 11.00
# Visual Studio 2010
Project("{FAE04EC0-301F-11D3-BF4B-00C04F79EFBC}") = "Name tbd", "Assembly-CSharp.csproj", "{BE13339F-1D5E-530C-F9A7-F7906FFD4DC2}"
EndProject
Project("{FAE04EC0-301F-11D3-BF4B-00C04F79EFBC}") = "Name tbd", "Assembly-CSharp-firstpass.csproj", "{52CF48B1-0DDB-0F55-43D2-9D21C805DAEA}"
EndProject
Project("{FAE04EC0-301F-11D3-BF4B-00C04F79EFBC}") = "Name tbd", "Assembly-CSharp-Editor-firstpass.csproj", "{72201990-296C-CA9C-0679-EDD0A8E7C7CC}"
EndProject
Global
	GlobalSection(SolutionConfigurationPlatforms) = preSolution
		Debug|Any CPU = Debug|Any CPU
		Release|Any CPU = Release|Any CPU
	EndGlobalSection
	GlobalSection(ProjectConfigurationPlatforms) = postSolution
		{BE13339F-1D5E-530C-F9A7-F7906FFD4DC2}.Debug|Any CPU.ActiveCfg = Debug|Any CPU
		{BE13339F-1D5E-530C-F9A7-F7906FFD4DC2}.Debug|Any CPU.Build.0 = Debug|Any CPU
		{BE13339F-1D5E-530C-F9A7-F7906FFD4DC2}.Release|Any CPU.ActiveCfg = Release|Any CPU
		{BE13339F-1D5E-530C-F9A7-F7906FFD4DC2}.Release|Any CPU.Build.0 = Release|Any CPU
		{52CF48B1-0DDB-0F55-43D2-9D21C805DAEA}.Debug|Any CPU.ActiveCfg = Debug|Any CPU
		{52CF48B1-0DDB-0F55-43D2-9D21C805DAEA}.Debug|Any CPU.Build.0 = Debug|Any CPU
		{52CF48B1-0DDB-0F55-43D2-9D21C805DAEA}.Release|Any CPU.ActiveCfg = Release|Any CPU
		{52CF48B1-0DDB-0F55-43D2-9D21C805DAEA}.Release|Any CPU.Build.0 = Release|Any CPU
		{72201990-296C-CA9C-0679-EDD0A8E7C7CC}.Debug|Any CPU.ActiveCfg = Debug|Any CPU
		{72201990-296C-CA9C-0679-EDD0A8E7C7CC}.Debug|Any CPU.Build.0 = Debug|Any CPU
		{72201990-296C-CA9C-0679-EDD0A8E7C7CC}.Release|Any CPU.ActiveCfg = Release|Any CPU
		{72201990-296C-CA9C-0679-EDD0A8E7C7CC}.Release|Any CPU.Build.0 = Release|Any CPU
	EndGlobalSection
	GlobalSection(SolutionProperties) = preSolution
		HideSolutionNode = FALSE
	EndGlobalSection
	GlobalSection(MonoDevelopProperties) = preSolution
		StartupItem = Assembly-CSharp.csproj
	EndGlobalSection
EndGlobal
