
Microsoft Visual Studio Solution File, Format Version 12.00
# Visual Studio 15
Project("{FAE04EC0-301F-11D3-BF4B-00C04F79EFBC}") = "Name tbd", "Name tbd.csproj", "{AC72F126-426E-43F0-8440-236E03EBDD84}"
EndProject
Project("{FAE04EC0-301F-11D3-BF4B-00C04F79EFBC}") = "Name tbd.Plugins", "Name tbd.Plugins.csproj", "{CD086866-A060-4E77-5915-3FE4DB6CE810}"
EndProject
Project("{FAE04EC0-301F-11D3-BF4B-00C04F79EFBC}") = "Name tbd.Editor.Plugins", "Name tbd.Editor.Plugins.csproj", "{306FAB5C-A956-27D5-90DE-E4B8066A5982}"
EndProject
Global
	GlobalSection(SolutionConfigurationPlatforms) = preSolution
		Debug|Any CPU = Debug|Any CPU
		Release|Any CPU = Release|Any CPU
	EndGlobalSection
	GlobalSection(ProjectConfigurationPlatforms) = postSolution
		{AC72F126-426E-43F0-8440-236E03EBDD84}.Debug|Any CPU.ActiveCfg = Debug|Any CPU
		{AC72F126-426E-43F0-8440-236E03EBDD84}.Debug|Any CPU.Build.0 = Debug|Any CPU
		{AC72F126-426E-43F0-8440-236E03EBDD84}.Release|Any CPU.ActiveCfg = Release|Any CPU
		{AC72F126-426E-43F0-8440-236E03EBDD84}.Release|Any CPU.Build.0 = Release|Any CPU
		{CD086866-A060-4E77-5915-3FE4DB6CE810}.Debug|Any CPU.ActiveCfg = Debug|Any CPU
		{CD086866-A060-4E77-5915-3FE4DB6CE810}.Debug|Any CPU.Build.0 = Debug|Any CPU
		{CD086866-A060-4E77-5915-3FE4DB6CE810}.Release|Any CPU.ActiveCfg = Release|Any CPU
		{CD086866-A060-4E77-5915-3FE4DB6CE810}.Release|Any CPU.Build.0 = Release|Any CPU
		{306FAB5C-A956-27D5-90DE-E4B8066A5982}.Debug|Any CPU.ActiveCfg = Debug|Any CPU
		{306FAB5C-A956-27D5-90DE-E4B8066A5982}.Debug|Any CPU.Build.0 = Debug|Any CPU
		{306FAB5C-A956-27D5-90DE-E4B8066A5982}.Release|Any CPU.ActiveCfg = Release|Any CPU
		{306FAB5C-A956-27D5-90DE-E4B8066A5982}.Release|Any CPU.Build.0 = Release|Any CPU
	EndGlobalSection
	GlobalSection(SolutionProperties) = preSolution
		HideSolutionNode = FALSE
	EndGlobalSection
EndGlobal
